
Microsoft Visual Studio Solution File, Format Version 12.00
# Visual Studio 14
VisualStudioVersion = 14.0.25123.0
MinimumVisualStudioVersion = 10.0.40219.1
Project("{8BC9CEB8-8B4A-11D0-8D11-00A0C91BC942}") = "sarmata-client", "sarmata-client\sarmata-client.vcxproj", "{F982C4F1-8B46-41E3-92C0-F4EEB18DD461}"
EndProject
Project("{8BC9CEB8-8B4A-11D0-8D11-00A0C91BC942}") = "libsarmata", "libsarmata\libsarmata.vcxproj", "{CB4A739B-877A-407C-8145-F43DA1B60A2D}"
EndProject
Global
	GlobalSection(SolutionConfigurationPlatforms) = preSolution
		Debug|x64 = Debug|x64
		Release|x64 = Release|x64
	EndGlobalSection
	GlobalSection(ProjectConfigurationPlatforms) = postSolution
		{F982C4F1-8B46-41E3-92C0-F4EEB18DD461}.Debug|x64.ActiveCfg = Debug|x64
		{F982C4F1-8B46-41E3-92C0-F4EEB18DD461}.Debug|x64.Build.0 = Debug|x64
		{F982C4F1-8B46-41E3-92C0-F4EEB18DD461}.Release|x64.ActiveCfg = Release|x64
		{F982C4F1-8B46-41E3-92C0-F4EEB18DD461}.Release|x64.Build.0 = Release|x64
		{CB4A739B-877A-407C-8145-F43DA1B60A2D}.Debug|x64.ActiveCfg = Debug|x64
		{CB4A739B-877A-407C-8145-F43DA1B60A2D}.Debug|x64.Build.0 = Debug|x64
		{CB4A739B-877A-407C-8145-F43DA1B60A2D}.Release|x64.ActiveCfg = Release|x64
		{CB4A739B-877A-407C-8145-F43DA1B60A2D}.Release|x64.Build.0 = Release|x64
	EndGlobalSection
	GlobalSection(SolutionProperties) = preSolution
		HideSolutionNode = FALSE
	EndGlobalSection
EndGlobal
